
Microsoft Visual Studio Solution File, Format Version 12.00
# Visual Studio 15
VisualStudioVersion = 15.0.28010.2046
MinimumVisualStudioVersion = 10.0.40219.1
Project("{FAE04EC0-301F-11D3-BF4B-00C04F79EFBC}") = "KeniceNoel.Fusionner.UI", "KeniceNoel.Fusionner.UI\KeniceNoel.Fusionner.UI.csproj", "{2B19DFE4-71B5-44FE-A200-485D314FFFE7}"
EndProject
Global
	GlobalSection(SolutionConfigurationPlatforms) = preSolution
		Debug|Any CPU = Debug|Any CPU
		Release|Any CPU = Release|Any CPU
	EndGlobalSection
	GlobalSection(ProjectConfigurationPlatforms) = postSolution
		{2B19DFE4-71B5-44FE-A200-485D314FFFE7}.Debug|Any CPU.ActiveCfg = Debug|Any CPU
		{2B19DFE4-71B5-44FE-A200-485D314FFFE7}.Debug|Any CPU.Build.0 = Debug|Any CPU
		{2B19DFE4-71B5-44FE-A200-485D314FFFE7}.Release|Any CPU.ActiveCfg = Release|Any CPU
		{2B19DFE4-71B5-44FE-A200-485D314FFFE7}.Release|Any CPU.Build.0 = Release|Any CPU
	EndGlobalSection
	GlobalSection(SolutionProperties) = preSolution
		HideSolutionNode = FALSE
	EndGlobalSection
	GlobalSection(ExtensibilityGlobals) = postSolution
		SolutionGuid = {70FFE4C7-FFCF-4443-8630-B5A61A19BECD}
	EndGlobalSection
EndGlobal
